// !$*UTF8*$!
{
	archiveVersion = 1;
	classes = {
	};
	objectVersion = 46;
	objects = {

/* Begin PBXBuildFile section */
		33B729AD1F0121E2000191E5 /* Compat.m in Sources */ = {isa = PBXBuildFile; fileRef = 33B7298F1F0121E2000191E5 /* Compat.m */; };
		33B729AE1F0121E2000191E5 /* Decoder.m in Sources */ = {isa = PBXBuildFile; fileRef = 33B729911F0121E2000191E5 /* Decoder.m */; };
		33B729AF1F0121E2000191E5 /* Downloader.m in Sources */ = {isa = PBXBuildFile; fileRef = 33B729931F0121E2000191E5 /* Downloader.m */; };
		33B729B01F0121E2000191E5 /* DownloaderOperation.m in Sources */ = {isa = PBXBuildFile; fileRef = 33B729951F0121E2000191E5 /* DownloaderOperation.m */; };
		33B729B11F0121E2000191E5 /* ImageCache.m in Sources */ = {isa = PBXBuildFile; fileRef = 33B729971F0121E2000191E5 /* ImageCache.m */; };
		33B729B21F0121E2000191E5 /* ImageCacheConfig.m in Sources */ = {isa = PBXBuildFile; fileRef = 33B729991F0121E2000191E5 /* ImageCacheConfig.m */; };
		33B729B31F0121E2000191E5 /* NSData+ImageContentType.m in Sources */ = {isa = PBXBuildFile; fileRef = 33B7299B1F0121E2000191E5 /* NSData+ImageContentType.m */; };
		33B729B41F0121E2000191E5 /* UIButton+WebCache.m in Sources */ = {isa = PBXBuildFile; fileRef = 33B7299E1F0121E2000191E5 /* UIButton+WebCache.m */; };
		33B729B51F0121E2000191E5 /* UIImage+GIF.m in Sources */ = {isa = PBXBuildFile; fileRef = 33B729A01F0121E2000191E5 /* UIImage+GIF.m */; };
		33B729B61F0121E2000191E5 /* UIImage+MultiFormat.m in Sources */ = {isa = PBXBuildFile; fileRef = 33B729A21F0121E2000191E5 /* UIImage+MultiFormat.m */; };
		33B729B71F0121E2000191E5 /* UIImageView+HighlightedWebCache.m in Sources */ = {isa = PBXBuildFile; fileRef = 33B729A41F0121E2000191E5 /* UIImageView+HighlightedWebCache.m */; };
		33B729B81F0121E2000191E5 /* UIImageView+WebCache.m in Sources */ = {isa = PBXBuildFile; fileRef = 33B729A61F0121E2000191E5 /* UIImageView+WebCache.m */; };
		33B729B91F0121E2000191E5 /* UIView+WebCache.m in Sources */ = {isa = PBXBuildFile; fileRef = 33B729A81F0121E2000191E5 /* UIView+WebCache.m */; };
		33B729BA1F0121E2000191E5 /* UIView+WebCacheOperation.m in Sources */ = {isa = PBXBuildFile; fileRef = 33B729AA1F0121E2000191E5 /* UIView+WebCacheOperation.m */; };
		33B729BB1F0121E2000191E5 /* WebImageManager.m in Sources */ = {isa = PBXBuildFile; fileRef = 33B729AC1F0121E2000191E5 /* WebImageManager.m */; };
		BA97C25A1ED3DB1A006DDB50 /* main.m in Sources */ = {isa = PBXBuildFile; fileRef = BA97C2591ED3DB1A006DDB50 /* main.m */; };
		BA97C25D1ED3DB1A006DDB50 /* AppDelegate.m in Sources */ = {isa = PBXBuildFile; fileRef = BA97C25C1ED3DB1A006DDB50 /* AppDelegate.m */; };
		BA97C2601ED3DB1A006DDB50 /* ViewController.m in Sources */ = {isa = PBXBuildFile; fileRef = BA97C25F1ED3DB1A006DDB50 /* ViewController.m */; };
		BA97C2631ED3DB1A006DDB50 /* Main.storyboard in Resources */ = {isa = PBXBuildFile; fileRef = BA97C2611ED3DB1A006DDB50 /* Main.storyboard */; };
		BA97C2651ED3DB1A006DDB50 /* Assets.xcassets in Resources */ = {isa = PBXBuildFile; fileRef = BA97C2641ED3DB1A006DDB50 /* Assets.xcassets */; };
		BA97C2681ED3DB1A006DDB50 /* LaunchScreen.storyboard in Resources */ = {isa = PBXBuildFile; fileRef = BA97C2661ED3DB1A006DDB50 /* LaunchScreen.storyboard */; };
/* End PBXBuildFile section */

/* Begin PBXFileReference section */
		33B7298E1F0121E2000191E5 /* Compat.h */ = {isa = PBXFileReference; fileEncoding = 4; lastKnownFileType = sourcecode.c.h; path = Compat.h; sourceTree = "<group>"; };
		33B7298F1F0121E2000191E5 /* Compat.m */ = {isa = PBXFileReference; fileEncoding = 4; lastKnownFileType = sourcecode.c.objc; path = Compat.m; sourceTree = "<group>"; };
		33B729901F0121E2000191E5 /* Decoder.h */ = {isa = PBXFileReference; fileEncoding = 4; lastKnownFileType = sourcecode.c.h; path = Decoder.h; sourceTree = "<group>"; };
		33B729911F0121E2000191E5 /* Decoder.m */ = {isa = PBXFileReference; fileEncoding = 4; lastKnownFileType = sourcecode.c.objc; path = Decoder.m; sourceTree = "<group>"; };
		33B729921F0121E2000191E5 /* Downloader.h */ = {isa = PBXFileReference; fileEncoding = 4; lastKnownFileType = sourcecode.c.h; path = Downloader.h; sourceTree = "<group>"; };
		33B729931F0121E2000191E5 /* Downloader.m */ = {isa = PBXFileReference; fileEncoding = 4; lastKnownFileType = sourcecode.c.objc; path = Downloader.m; sourceTree = "<group>"; };
		33B729941F0121E2000191E5 /* DownloaderOperation.h */ = {isa = PBXFileReference; fileEncoding = 4; lastKnownFileType = sourcecode.c.h; path = DownloaderOperation.h; sourceTree = "<group>"; };
		33B729951F0121E2000191E5 /* DownloaderOperation.m */ = {isa = PBXFileReference; fileEncoding = 4; lastKnownFileType = sourcecode.c.objc; path = DownloaderOperation.m; sourceTree = "<group>"; };
		33B729961F0121E2000191E5 /* ImageCache.h */ = {isa = PBXFileReference; fileEncoding = 4; lastKnownFileType = sourcecode.c.h; path = ImageCache.h; sourceTree = "<group>"; };
		33B729971F0121E2000191E5 /* ImageCache.m */ = {isa = PBXFileReference; fileEncoding = 4; lastKnownFileType = sourcecode.c.objc; path = ImageCache.m; sourceTree = "<group>"; };
		33B729981F0121E2000191E5 /* ImageCacheConfig.h */ = {isa = PBXFileReference; fileEncoding = 4; lastKnownFileType = sourcecode.c.h; path = ImageCacheConfig.h; sourceTree = "<group>"; };
		33B729991F0121E2000191E5 /* ImageCacheConfig.m */ = {isa = PBXFileReference; fileEncoding = 4; lastKnownFileType = sourcecode.c.objc; path = ImageCacheConfig.m; sourceTree = "<group>"; };
		33B7299A1F0121E2000191E5 /* NSData+ImageContentType.h */ = {isa = PBXFileReference; fileEncoding = 4; lastKnownFileType = sourcecode.c.h; path = "NSData+ImageContentType.h"; sourceTree = "<group>"; };
		33B7299B1F0121E2000191E5 /* NSData+ImageContentType.m */ = {isa = PBXFileReference; fileEncoding = 4; lastKnownFileType = sourcecode.c.objc; path = "NSData+ImageContentType.m"; sourceTree = "<group>"; };
		33B7299C1F0121E2000191E5 /* Operation.h */ = {isa = PBXFileReference; fileEncoding = 4; lastKnownFileType = sourcecode.c.h; path = Operation.h; sourceTree = "<group>"; };
		33B7299D1F0121E2000191E5 /* UIButton+WebCache.h */ = {isa = PBXFileReference; fileEncoding = 4; lastKnownFileType = sourcecode.c.h; path = "UIButton+WebCache.h"; sourceTree = "<group>"; };
		33B7299E1F0121E2000191E5 /* UIButton+WebCache.m */ = {isa = PBXFileReference; fileEncoding = 4; lastKnownFileType = sourcecode.c.objc; path = "UIButton+WebCache.m"; sourceTree = "<group>"; };
		33B7299F1F0121E2000191E5 /* UIImage+GIF.h */ = {isa = PBXFileReference; fileEncoding = 4; lastKnownFileType = sourcecode.c.h; path = "UIImage+GIF.h"; sourceTree = "<group>"; };
		33B729A01F0121E2000191E5 /* UIImage+GIF.m */ = {isa = PBXFileReference; fileEncoding = 4; lastKnownFileType = sourcecode.c.objc; path = "UIImage+GIF.m"; sourceTree = "<group>"; };
		33B729A11F0121E2000191E5 /* UIImage+MultiFormat.h */ = {isa = PBXFileReference; fileEncoding = 4; lastKnownFileType = sourcecode.c.h; path = "UIImage+MultiFormat.h"; sourceTree = "<group>"; };
		33B729A21F0121E2000191E5 /* UIImage+MultiFormat.m */ = {isa = PBXFileReference; fileEncoding = 4; lastKnownFileType = sourcecode.c.objc; path = "UIImage+MultiFormat.m"; sourceTree = "<group>"; };
		33B729A31F0121E2000191E5 /* UIImageView+HighlightedWebCache.h */ = {isa = PBXFileReference; fileEncoding = 4; lastKnownFileType = sourcecode.c.h; path = "UIImageView+HighlightedWebCache.h"; sourceTree = "<group>"; };
		33B729A41F0121E2000191E5 /* UIImageView+HighlightedWebCache.m */ = {isa = PBXFileReference; fileEncoding = 4; lastKnownFileType = sourcecode.c.objc; path = "UIImageView+HighlightedWebCache.m"; sourceTree = "<group>"; };
		33B729A51F0121E2000191E5 /* UIImageView+WebCache.h */ = {isa = PBXFileReference; fileEncoding = 4; lastKnownFileType = sourcecode.c.h; path = "UIImageView+WebCache.h"; sourceTree = "<group>"; };
		33B729A61F0121E2000191E5 /* UIImageView+WebCache.m */ = {isa = PBXFileReference; fileEncoding = 4; lastKnownFileType = sourcecode.c.objc; path = "UIImageView+WebCache.m"; sourceTree = "<group>"; };
		33B729A71F0121E2000191E5 /* UIView+WebCache.h */ = {isa = PBXFileReference; fileEncoding = 4; lastKnownFileType = sourcecode.c.h; path = "UIView+WebCache.h"; sourceTree = "<group>"; };
		33B729A81F0121E2000191E5 /* UIView+WebCache.m */ = {isa = PBXFileReference; fileEncoding = 4; lastKnownFileType = sourcecode.c.objc; path = "UIView+WebCache.m"; sourceTree = "<group>"; };
		33B729A91F0121E2000191E5 /* UIView+WebCacheOperation.h */ = {isa = PBXFileReference; fileEncoding = 4; lastKnownFileType = sourcecode.c.h; path = "UIView+WebCacheOperation.h"; sourceTree = "<group>"; };
		33B729AA1F0121E2000191E5 /* UIView+WebCacheOperation.m */ = {isa = PBXFileReference; fileEncoding = 4; lastKnownFileType = sourcecode.c.objc; path = "UIView+WebCacheOperation.m"; sourceTree = "<group>"; };
		33B729AB1F0121E2000191E5 /* WebImageManager.h */ = {isa = PBXFileReference; fileEncoding = 4; lastKnownFileType = sourcecode.c.h; path = WebImageManager.h; sourceTree = "<group>"; };
		33B729AC1F0121E2000191E5 /* WebImageManager.m */ = {isa = PBXFileReference; fileEncoding = 4; lastKnownFileType = sourcecode.c.objc; path = WebImageManager.m; sourceTree = "<group>"; };
		BA97C2551ED3DB1A006DDB50 /* Download.app */ = {isa = PBXFileReference; explicitFileType = wrapper.application; includeInIndex = 0; path = Download.app; sourceTree = BUILT_PRODUCTS_DIR; };
		BA97C2591ED3DB1A006DDB50 /* main.m */ = {isa = PBXFileReference; lastKnownFileType = sourcecode.c.objc; path = main.m; sourceTree = "<group>"; };
		BA97C25B1ED3DB1A006DDB50 /* AppDelegate.h */ = {isa = PBXFileReference; lastKnownFileType = sourcecode.c.h; path = AppDelegate.h; sourceTree = "<group>"; };
		BA97C25C1ED3DB1A006DDB50 /* AppDelegate.m */ = {isa = PBXFileReference; lastKnownFileType = sourcecode.c.objc; path = AppDelegate.m; sourceTree = "<group>"; };
		BA97C25E1ED3DB1A006DDB50 /* ViewController.h */ = {isa = PBXFileReference; lastKnownFileType = sourcecode.c.h; path = ViewController.h; sourceTree = "<group>"; };
		BA97C25F1ED3DB1A006DDB50 /* ViewController.m */ = {isa = PBXFileReference; lastKnownFileType = sourcecode.c.objc; path = ViewController.m; sourceTree = "<group>"; };
		BA97C2621ED3DB1A006DDB50 /* Base */ = {isa = PBXFileReference; lastKnownFileType = file.storyboard; name = Base; path = Base.lproj/Main.storyboard; sourceTree = "<group>"; };
		BA97C2641ED3DB1A006DDB50 /* Assets.xcassets */ = {isa = PBXFileReference; lastKnownFileType = folder.assetcatalog; path = Assets.xcassets; sourceTree = "<group>"; };
		BA97C2671ED3DB1A006DDB50 /* Base */ = {isa = PBXFileReference; lastKnownFileType = file.storyboard; name = Base; path = Base.lproj/LaunchScreen.storyboard; sourceTree = "<group>"; };
		BA97C2691ED3DB1A006DDB50 /* Info.plist */ = {isa = PBXFileReference; lastKnownFileType = text.plist.xml; path = Info.plist; sourceTree = "<group>"; };
/* End PBXFileReference section */

/* Begin PBXFrameworksBuildPhase section */
		BA97C2521ED3DB1A006DDB50 /* Frameworks */ = {
			isa = PBXFrameworksBuildPhase;
			buildActionMask = 2147483647;
			files = (
			);
			runOnlyForDeploymentPostprocessing = 0;
		};
/* End PBXFrameworksBuildPhase section */

/* Begin PBXGroup section */
		33B7298D1F0121E2000191E5 /* WebImageDownload */ = {
			isa = PBXGroup;
			children = (
				33B7298E1F0121E2000191E5 /* Compat.h */,
				33B7298F1F0121E2000191E5 /* Compat.m */,
				33B729901F0121E2000191E5 /* Decoder.h */,
				33B729911F0121E2000191E5 /* Decoder.m */,
				33B729921F0121E2000191E5 /* Downloader.h */,
				33B729931F0121E2000191E5 /* Downloader.m */,
				33B729941F0121E2000191E5 /* DownloaderOperation.h */,
				33B729951F0121E2000191E5 /* DownloaderOperation.m */,
				33B729961F0121E2000191E5 /* ImageCache.h */,
				33B729971F0121E2000191E5 /* ImageCache.m */,
				33B729981F0121E2000191E5 /* ImageCacheConfig.h */,
				33B729991F0121E2000191E5 /* ImageCacheConfig.m */,
				33B7299A1F0121E2000191E5 /* NSData+ImageContentType.h */,
				33B7299B1F0121E2000191E5 /* NSData+ImageContentType.m */,
				33B7299C1F0121E2000191E5 /* Operation.h */,
				33B7299D1F0121E2000191E5 /* UIButton+WebCache.h */,
				33B7299E1F0121E2000191E5 /* UIButton+WebCache.m */,
				33B7299F1F0121E2000191E5 /* UIImage+GIF.h */,
				33B729A01F0121E2000191E5 /* UIImage+GIF.m */,
				33B729A11F0121E2000191E5 /* UIImage+MultiFormat.h */,
				33B729A21F0121E2000191E5 /* UIImage+MultiFormat.m */,
				33B729A31F0121E2000191E5 /* UIImageView+HighlightedWebCache.h */,
				33B729A41F0121E2000191E5 /* UIImageView+HighlightedWebCache.m */,
				33B729A51F0121E2000191E5 /* UIImageView+WebCache.h */,
				33B729A61F0121E2000191E5 /* UIImageView+WebCache.m */,
				33B729A71F0121E2000191E5 /* UIView+WebCache.h */,
				33B729A81F0121E2000191E5 /* UIView+WebCache.m */,
				33B729A91F0121E2000191E5 /* UIView+WebCacheOperation.h */,
				33B729AA1F0121E2000191E5 /* UIView+WebCacheOperation.m */,
				33B729AB1F0121E2000191E5 /* WebImageManager.h */,
				33B729AC1F0121E2000191E5 /* WebImageManager.m */,
			);
			name = WebImageDownload;
			path = ../../WebImageDownload;
			sourceTree = "<group>";
		};
		BA97C24C1ED3DB1A006DDB50 = {
			isa = PBXGroup;
			children = (
				BA97C2571ED3DB1A006DDB50 /* Download */,
				BA97C2561ED3DB1A006DDB50 /* Products */,
			);
			sourceTree = "<group>";
		};
		BA97C2561ED3DB1A006DDB50 /* Products */ = {
			isa = PBXGroup;
			children = (
				BA97C2551ED3DB1A006DDB50 /* Download.app */,
			);
			name = Products;
			sourceTree = "<group>";
		};
		BA97C2571ED3DB1A006DDB50 /* Download */ = {
			isa = PBXGroup;
			children = (
				33B7298D1F0121E2000191E5 /* WebImageDownload */,
				BA97C25B1ED3DB1A006DDB50 /* AppDelegate.h */,
				BA97C25C1ED3DB1A006DDB50 /* AppDelegate.m */,
				BA97C25E1ED3DB1A006DDB50 /* ViewController.h */,
				BA97C25F1ED3DB1A006DDB50 /* ViewController.m */,
				BA97C2611ED3DB1A006DDB50 /* Main.storyboard */,
				BA97C2641ED3DB1A006DDB50 /* Assets.xcassets */,
				BA97C2661ED3DB1A006DDB50 /* LaunchScreen.storyboard */,
				BA97C2691ED3DB1A006DDB50 /* Info.plist */,
				BA97C2581ED3DB1A006DDB50 /* Supporting Files */,
			);
			path = Download;
			sourceTree = "<group>";
		};
		BA97C2581ED3DB1A006DDB50 /* Supporting Files */ = {
			isa = PBXGroup;
			children = (
				BA97C2591ED3DB1A006DDB50 /* main.m */,
			);
			name = "Supporting Files";
			sourceTree = "<group>";
		};
/* End PBXGroup section */

/* Begin PBXNativeTarget section */
		BA97C2541ED3DB1A006DDB50 /* Download */ = {
			isa = PBXNativeTarget;
			buildConfigurationList = BA97C26C1ED3DB1A006DDB50 /* Build configuration list for PBXNativeTarget "Download" */;
			buildPhases = (
				BA97C2511ED3DB1A006DDB50 /* Sources */,
				BA97C2521ED3DB1A006DDB50 /* Frameworks */,
				BA97C2531ED3DB1A006DDB50 /* Resources */,
			);
			buildRules = (
			);
			dependencies = (
			);
			name = Download;
			productName = Download;
			productReference = BA97C2551ED3DB1A006DDB50 /* Download.app */;
			productType = "com.apple.product-type.application";
		};
/* End PBXNativeTarget section */

/* Begin PBXProject section */
		BA97C24D1ED3DB1A006DDB50 /* Project object */ = {
			isa = PBXProject;
			attributes = {
				LastUpgradeCheck = 0830;
				ORGANIZATIONNAME = DeKuTree;
				TargetAttributes = {
					BA97C2541ED3DB1A006DDB50 = {
						CreatedOnToolsVersion = 8.3.2;
						ProvisioningStyle = Automatic;
					};
				};
			};
			buildConfigurationList = BA97C2501ED3DB1A006DDB50 /* Build configuration list for PBXProject "Download" */;
			compatibilityVersion = "Xcode 3.2";
			developmentRegion = English;
			hasScannedForEncodings = 0;
			knownRegions = (
				en,
				Base,
			);
			mainGroup = BA97C24C1ED3DB1A006DDB50;
			productRefGroup = BA97C2561ED3DB1A006DDB50 /* Products */;
			projectDirPath = "";
			projectRoot = "";
			targets = (
				BA97C2541ED3DB1A006DDB50 /* Download */,
			);
		};
/* End PBXProject section */

/* Begin PBXResourcesBuildPhase section */
		BA97C2531ED3DB1A006DDB50 /* Resources */ = {
			isa = PBXResourcesBuildPhase;
			buildActionMask = 2147483647;
			files = (
				BA97C2681ED3DB1A006DDB50 /* LaunchScreen.storyboard in Resources */,
				BA97C2651ED3DB1A006DDB50 /* Assets.xcassets in Resources */,
				BA97C2631ED3DB1A006DDB50 /* Main.storyboard in Resources */,
			);
			runOnlyForDeploymentPostprocessing = 0;
		};
/* End PBXResourcesBuildPhase section */

/* Begin PBXSourcesBuildPhase section */
		BA97C2511ED3DB1A006DDB50 /* Sources */ = {
			isa = PBXSourcesBuildPhase;
			buildActionMask = 2147483647;
			files = (
				33B729BA1F0121E2000191E5 /* UIView+WebCacheOperation.m in Sources */,
				33B729B61F0121E2000191E5 /* UIImage+MultiFormat.m in Sources */,
				33B729B31F0121E2000191E5 /* NSData+ImageContentType.m in Sources */,
				33B729B91F0121E2000191E5 /* UIView+WebCache.m in Sources */,
				33B729B81F0121E2000191E5 /* UIImageView+WebCache.m in Sources */,
				BA97C2601ED3DB1A006DDB50 /* ViewController.m in Sources */,
				BA97C25D1ED3DB1A006DDB50 /* AppDelegate.m in Sources */,
				33B729B41F0121E2000191E5 /* UIButton+WebCache.m in Sources */,
				33B729B21F0121E2000191E5 /* ImageCacheConfig.m in Sources */,
				33B729AF1F0121E2000191E5 /* Downloader.m in Sources */,
				33B729B51F0121E2000191E5 /* UIImage+GIF.m in Sources */,
				33B729AE1F0121E2000191E5 /* Decoder.m in Sources */,
				BA97C25A1ED3DB1A006DDB50 /* main.m in Sources */,
				33B729AD1F0121E2000191E5 /* Compat.m in Sources */,
				33B729BB1F0121E2000191E5 /* WebImageManager.m in Sources */,
				33B729B11F0121E2000191E5 /* ImageCache.m in Sources */,
				33B729B71F0121E2000191E5 /* UIImageView+HighlightedWebCache.m in Sources */,
				33B729B01F0121E2000191E5 /* DownloaderOperation.m in Sources */,
			);
			runOnlyForDeploymentPostprocessing = 0;
		};
/* End PBXSourcesBuildPhase section */

/* Begin PBXVariantGroup section */
		BA97C2611ED3DB1A006DDB50 /* Main.storyboard */ = {
			isa = PBXVariantGroup;
			children = (
				BA97C2621ED3DB1A006DDB50 /* Base */,
			);
			name = Main.storyboard;
			sourceTree = "<group>";
		};
		BA97C2661ED3DB1A006DDB50 /* LaunchScreen.storyboard */ = {
			isa = PBXVariantGroup;
			children = (
				BA97C2671ED3DB1A006DDB50 /* Base */,
			);
			name = LaunchScreen.storyboard;
			sourceTree = "<group>";
		};
/* End PBXVariantGroup section */

/* Begin XCBuildConfiguration section */
		BA97C26A1ED3DB1A006DDB50 /* Debug */ = {
			isa = XCBuildConfiguration;
			buildSettings = {
				ALWAYS_SEARCH_USER_PATHS = NO;
				CLANG_ANALYZER_NONNULL = YES;
				CLANG_ANALYZER_NUMBER_OBJECT_CONVERSION = YES_AGGRESSIVE;
				CLANG_CXX_LANGUAGE_STANDARD = "gnu++0x";
				CLANG_CXX_LIBRARY = "libc++";
				CLANG_ENABLE_MODULES = YES;
				CLANG_ENABLE_OBJC_ARC = YES;
				CLANG_WARN_BOOL_CONVERSION = YES;
				CLANG_WARN_CONSTANT_CONVERSION = YES;
				CLANG_WARN_DIRECT_OBJC_ISA_USAGE = YES_ERROR;
				CLANG_WARN_DOCUMENTATION_COMMENTS = YES;
				CLANG_WARN_EMPTY_BODY = YES;
				CLANG_WARN_ENUM_CONVERSION = YES;
				CLANG_WARN_INFINITE_RECURSION = YES;
				CLANG_WARN_INT_CONVERSION = YES;
				CLANG_WARN_OBJC_ROOT_CLASS = YES_ERROR;
				CLANG_WARN_SUSPICIOUS_MOVE = YES;
				CLANG_WARN_UNREACHABLE_CODE = YES;
				CLANG_WARN__DUPLICATE_METHOD_MATCH = YES;
				"CODE_SIGN_IDENTITY[sdk=iphoneos*]" = "iPhone Developer";
				COPY_PHASE_STRIP = NO;
				DEBUG_INFORMATION_FORMAT = dwarf;
				ENABLE_STRICT_OBJC_MSGSEND = YES;
				ENABLE_TESTABILITY = YES;
				GCC_C_LANGUAGE_STANDARD = gnu99;
				GCC_DYNAMIC_NO_PIC = NO;
				GCC_NO_COMMON_BLOCKS = YES;
				GCC_OPTIMIZATION_LEVEL = 0;
				GCC_PREPROCESSOR_DEFINITIONS = (
					"DEBUG=1",
					"$(inherited)",
				);
				GCC_WARN_64_TO_32_BIT_CONVERSION = YES;
				GCC_WARN_ABOUT_RETURN_TYPE = YES_ERROR;
				GCC_WARN_UNDECLARED_SELECTOR = YES;
				GCC_WARN_UNINITIALIZED_AUTOS = YES_AGGRESSIVE;
				GCC_WARN_UNUSED_FUNCTION = YES;
				GCC_WARN_UNUSED_VARIABLE = YES;
				IPHONEOS_DEPLOYMENT_TARGET = 10.3;
				MTL_ENABLE_DEBUG_INFO = YES;
				ONLY_ACTIVE_ARCH = YES;
				SDKROOT = iphoneos;
			};
			name = Debug;
		};
		BA97C26B1ED3DB1A006DDB50 /* Release */ = {
			isa = XCBuildConfiguration;
			buildSettings = {
				ALWAYS_SEARCH_USER_PATHS = NO;
				CLANG_ANALYZER_NONNULL = YES;
				CLANG_ANALYZER_NUMBER_OBJECT_CONVERSION = YES_AGGRESSIVE;
				CLANG_CXX_LANGUAGE_STANDARD = "gnu++0x";
				CLANG_CXX_LIBRARY = "libc++";
				CLANG_ENABLE_MODULES = YES;
				CLANG_ENABLE_OBJC_ARC = YES;
				CLANG_WARN_BOOL_CONVERSION = YES;
				CLANG_WARN_CONSTANT_CONVERSION = YES;
				CLANG_WARN_DIRECT_OBJC_ISA_USAGE = YES_ERROR;
				CLANG_WARN_DOCUMENTATION_COMMENTS = YES;
				CLANG_WARN_EMPTY_BODY = YES;
				CLANG_WARN_ENUM_CONVERSION = YES;
				CLANG_WARN_INFINITE_RECURSION = YES;
				CLANG_WARN_INT_CONVERSION = YES;
				CLANG_WARN_OBJC_ROOT_CLASS = YES_ERROR;
				CLANG_WARN_SUSPICIOUS_MOVE = YES;
				CLANG_WARN_UNREACHABLE_CODE = YES;
				CLANG_WARN__DUPLICATE_METHOD_MATCH = YES;
				"CODE_SIGN_IDENTITY[sdk=iphoneos*]" = "iPhone Developer";
				COPY_PHASE_STRIP = NO;
				DEBUG_INFORMATION_FORMAT = "dwarf-with-dsym";
				ENABLE_NS_ASSERTIONS = NO;
				ENABLE_STRICT_OBJC_MSGSEND = YES;
				GCC_C_LANGUAGE_STANDARD = gnu99;
				GCC_NO_COMMON_BLOCKS = YES;
				GCC_WARN_64_TO_32_BIT_CONVERSION = YES;
				GCC_WARN_ABOUT_RETURN_TYPE = YES_ERROR;
				GCC_WARN_UNDECLARED_SELECTOR = YES;
				GCC_WARN_UNINITIALIZED_AUTOS = YES_AGGRESSIVE;
				GCC_WARN_UNUSED_FUNCTION = YES;
				GCC_WARN_UNUSED_VARIABLE = YES;
				IPHONEOS_DEPLOYMENT_TARGET = 10.3;
				MTL_ENABLE_DEBUG_INFO = NO;
				SDKROOT = iphoneos;
				VALIDATE_PRODUCT = YES;
			};
			name = Release;
		};
		BA97C26D1ED3DB1A006DDB50 /* Debug */ = {
			isa = XCBuildConfiguration;
			buildSettings = {
				ASSETCATALOG_COMPILER_APPICON_NAME = AppIcon;
				INFOPLIST_FILE = Download/Info.plist;
				LD_RUNPATH_SEARCH_PATHS = "$(inherited) @executable_path/Frameworks";
				PRODUCT_BUNDLE_IDENTIFIER = com.DeKuTree.Download;
				PRODUCT_NAME = "$(TARGET_NAME)";
			};
			name = Debug;
		};
		BA97C26E1ED3DB1A006DDB50 /* Release */ = {
			isa = XCBuildConfiguration;
			buildSettings = {
				ASSETCATALOG_COMPILER_APPICON_NAME = AppIcon;
				INFOPLIST_FILE = Download/Info.plist;
				LD_RUNPATH_SEARCH_PATHS = "$(inherited) @executable_path/Frameworks";
				PRODUCT_BUNDLE_IDENTIFIER = com.DeKuTree.Download;
				PRODUCT_NAME = "$(TARGET_NAME)";
			};
			name = Release;
		};
/* End XCBuildConfiguration section */

/* Begin XCConfigurationList section */
		BA97C2501ED3DB1A006DDB50 /* Build configuration list for PBXProject "Download" */ = {
			isa = XCConfigurationList;
			buildConfigurations = (
				BA97C26A1ED3DB1A006DDB50 /* Debug */,
				BA97C26B1ED3DB1A006DDB50 /* Release */,
			);
			defaultConfigurationIsVisible = 0;
			defaultConfigurationName = Release;
		};
		BA97C26C1ED3DB1A006DDB50 /* Build configuration list for PBXNativeTarget "Download" */ = {
			isa = XCConfigurationList;
			buildConfigurations = (
				BA97C26D1ED3DB1A006DDB50 /* Debug */,
				BA97C26E1ED3DB1A006DDB50 /* Release */,
			);
			defaultConfigurationIsVisible = 0;
			defaultConfigurationName = Release;
		};
/* End XCConfigurationList section */
	};
	rootObject = BA97C24D1ED3DB1A006DDB50 /* Project object */;
}
