// !$*UTF8*$!
{
	archiveVersion = 1;
	classes = {
	};
	objectVersion = 46;
	objects = {

/* Begin PBXBuildFile section */
		33B7298C1F0112BD000191E5 /* WebImageDownload in Resources */ = {isa = PBXBuildFile; fileRef = 33B7298B1F0112BD000191E5 /* WebImageDownload */; };
		BA03945E1EF779DC004869CB /* UIImageView+WebCache.m in Sources */ = {isa = PBXBuildFile; fileRef = BA03945D1EF779DC004869CB /* UIImageView+WebCache.m */; };
		BA352D001EFBBD1D004139A6 /* UIButton+WebCache.m in Sources */ = {isa = PBXBuildFile; fileRef = BA352CFF1EFBBD1D004139A6 /* UIButton+WebCache.m */; };
		BA3D7A871EF7AD520074F6FE /* UIView+WebCacheOperation.m in Sources */ = {isa = PBXBuildFile; fileRef = BA3D7A861EF7AD520074F6FE /* UIView+WebCacheOperation.m */; };
		BA3D7A8A1EF7C1230074F6FE /* UIView+WebCache.m in Sources */ = {isa = PBXBuildFile; fileRef = BA3D7A891EF7C1230074F6FE /* UIView+WebCache.m */; };
		BA5079F91ED580B100D7D78B /* Decoder.m in Sources */ = {isa = PBXBuildFile; fileRef = BA5079F81ED580B100D7D78B /* Decoder.m */; };
		BA5F00FC1ED67F5600E5B2B7 /* Downloader.m in Sources */ = {isa = PBXBuildFile; fileRef = BA5F00FB1ED67F5600E5B2B7 /* Downloader.m */; };
		BA65EFAD1EEA96C9001B5295 /* ImageCacheConfig.m in Sources */ = {isa = PBXBuildFile; fileRef = BA65EFAC1EEA96C9001B5295 /* ImageCacheConfig.m */; };
		BA65EFB01EEACA41001B5295 /* ImageCache.m in Sources */ = {isa = PBXBuildFile; fileRef = BA65EFAF1EEACA41001B5295 /* ImageCache.m */; };
		BA73C3A11EE8F41B00942568 /* Compat.m in Sources */ = {isa = PBXBuildFile; fileRef = BA73C3A01EE8F41B00942568 /* Compat.m */; };
		BA8AF5B71EFA6671007D3B33 /* UIImageView+HighlightedWebCache.m in Sources */ = {isa = PBXBuildFile; fileRef = BA8AF5B61EFA6671007D3B33 /* UIImageView+HighlightedWebCache.m */; };
		BA8C5F791EF2304E0015F23D /* WebImageManager.m in Sources */ = {isa = PBXBuildFile; fileRef = BA8C5F781EF2304E0015F23D /* WebImageManager.m */; };
		BA97C25A1ED3DB1A006DDB50 /* main.m in Sources */ = {isa = PBXBuildFile; fileRef = BA97C2591ED3DB1A006DDB50 /* main.m */; };
		BA97C25D1ED3DB1A006DDB50 /* AppDelegate.m in Sources */ = {isa = PBXBuildFile; fileRef = BA97C25C1ED3DB1A006DDB50 /* AppDelegate.m */; };
		BA97C2601ED3DB1A006DDB50 /* ViewController.m in Sources */ = {isa = PBXBuildFile; fileRef = BA97C25F1ED3DB1A006DDB50 /* ViewController.m */; };
		BA97C2631ED3DB1A006DDB50 /* Main.storyboard in Resources */ = {isa = PBXBuildFile; fileRef = BA97C2611ED3DB1A006DDB50 /* Main.storyboard */; };
		BA97C2651ED3DB1A006DDB50 /* Assets.xcassets in Resources */ = {isa = PBXBuildFile; fileRef = BA97C2641ED3DB1A006DDB50 /* Assets.xcassets */; };
		BA97C2681ED3DB1A006DDB50 /* LaunchScreen.storyboard in Resources */ = {isa = PBXBuildFile; fileRef = BA97C2661ED3DB1A006DDB50 /* LaunchScreen.storyboard */; };
		BA97C2711ED3DB8E006DDB50 /* DownloaderOperation.m in Sources */ = {isa = PBXBuildFile; fileRef = BA97C2701ED3DB8E006DDB50 /* DownloaderOperation.m */; };
		BAD1DCE01EEF9259000CE005 /* NSData+ImageContentType.m in Sources */ = {isa = PBXBuildFile; fileRef = BAD1DCDF1EEF9259000CE005 /* NSData+ImageContentType.m */; };
		BAD1DCE31EEFADA9000CE005 /* UIImage+MultiFormat.m in Sources */ = {isa = PBXBuildFile; fileRef = BAD1DCE21EEFADA9000CE005 /* UIImage+MultiFormat.m */; };
		BAD1DCE61EEFC8BE000CE005 /* UIImage+GIF.m in Sources */ = {isa = PBXBuildFile; fileRef = BAD1DCE51EEFC8BE000CE005 /* UIImage+GIF.m */; };
/* End PBXBuildFile section */

/* Begin PBXFileReference section */
		33B7298B1F0112BD000191E5 /* WebImageDownload */ = {isa = PBXFileReference; lastKnownFileType = folder; path = WebImageDownload; sourceTree = "<group>"; };
		BA03945C1EF779DC004869CB /* UIImageView+WebCache.h */ = {isa = PBXFileReference; fileEncoding = 4; lastKnownFileType = sourcecode.c.h; path = "UIImageView+WebCache.h"; sourceTree = "<group>"; };
		BA03945D1EF779DC004869CB /* UIImageView+WebCache.m */ = {isa = PBXFileReference; fileEncoding = 4; lastKnownFileType = sourcecode.c.objc; path = "UIImageView+WebCache.m"; sourceTree = "<group>"; };
		BA352CFE1EFBBD1D004139A6 /* UIButton+WebCache.h */ = {isa = PBXFileReference; fileEncoding = 4; lastKnownFileType = sourcecode.c.h; path = "UIButton+WebCache.h"; sourceTree = "<group>"; };
		BA352CFF1EFBBD1D004139A6 /* UIButton+WebCache.m */ = {isa = PBXFileReference; fileEncoding = 4; lastKnownFileType = sourcecode.c.objc; path = "UIButton+WebCache.m"; sourceTree = "<group>"; };
		BA3D7A851EF7AD520074F6FE /* UIView+WebCacheOperation.h */ = {isa = PBXFileReference; fileEncoding = 4; lastKnownFileType = sourcecode.c.h; path = "UIView+WebCacheOperation.h"; sourceTree = "<group>"; };
		BA3D7A861EF7AD520074F6FE /* UIView+WebCacheOperation.m */ = {isa = PBXFileReference; fileEncoding = 4; lastKnownFileType = sourcecode.c.objc; path = "UIView+WebCacheOperation.m"; sourceTree = "<group>"; };
		BA3D7A881EF7C1230074F6FE /* UIView+WebCache.h */ = {isa = PBXFileReference; fileEncoding = 4; lastKnownFileType = sourcecode.c.h; path = "UIView+WebCache.h"; sourceTree = "<group>"; };
		BA3D7A891EF7C1230074F6FE /* UIView+WebCache.m */ = {isa = PBXFileReference; fileEncoding = 4; lastKnownFileType = sourcecode.c.objc; path = "UIView+WebCache.m"; sourceTree = "<group>"; };
		BA5079F71ED580B100D7D78B /* Decoder.h */ = {isa = PBXFileReference; fileEncoding = 4; lastKnownFileType = sourcecode.c.h; path = Decoder.h; sourceTree = "<group>"; };
		BA5079F81ED580B100D7D78B /* Decoder.m */ = {isa = PBXFileReference; fileEncoding = 4; lastKnownFileType = sourcecode.c.objc; path = Decoder.m; sourceTree = "<group>"; };
		BA5F00FA1ED67F5600E5B2B7 /* Downloader.h */ = {isa = PBXFileReference; fileEncoding = 4; lastKnownFileType = sourcecode.c.h; path = Downloader.h; sourceTree = "<group>"; };
		BA5F00FB1ED67F5600E5B2B7 /* Downloader.m */ = {isa = PBXFileReference; fileEncoding = 4; lastKnownFileType = sourcecode.c.objc; path = Downloader.m; sourceTree = "<group>"; };
		BA65EFAB1EEA96C9001B5295 /* ImageCacheConfig.h */ = {isa = PBXFileReference; fileEncoding = 4; lastKnownFileType = sourcecode.c.h; path = ImageCacheConfig.h; sourceTree = "<group>"; };
		BA65EFAC1EEA96C9001B5295 /* ImageCacheConfig.m */ = {isa = PBXFileReference; fileEncoding = 4; lastKnownFileType = sourcecode.c.objc; path = ImageCacheConfig.m; sourceTree = "<group>"; };
		BA65EFAE1EEACA41001B5295 /* ImageCache.h */ = {isa = PBXFileReference; fileEncoding = 4; lastKnownFileType = sourcecode.c.h; path = ImageCache.h; sourceTree = "<group>"; };
		BA65EFAF1EEACA41001B5295 /* ImageCache.m */ = {isa = PBXFileReference; fileEncoding = 4; lastKnownFileType = sourcecode.c.objc; path = ImageCache.m; sourceTree = "<group>"; };
		BA73C39C1EE8F0ED00942568 /* Operation.h */ = {isa = PBXFileReference; fileEncoding = 4; lastKnownFileType = sourcecode.c.h; path = Operation.h; sourceTree = "<group>"; };
		BA73C39F1EE8F41B00942568 /* Compat.h */ = {isa = PBXFileReference; fileEncoding = 4; lastKnownFileType = sourcecode.c.h; path = Compat.h; sourceTree = "<group>"; };
		BA73C3A01EE8F41B00942568 /* Compat.m */ = {isa = PBXFileReference; fileEncoding = 4; lastKnownFileType = sourcecode.c.objc; path = Compat.m; sourceTree = "<group>"; };
		BA8AF5B51EFA6671007D3B33 /* UIImageView+HighlightedWebCache.h */ = {isa = PBXFileReference; fileEncoding = 4; lastKnownFileType = sourcecode.c.h; path = "UIImageView+HighlightedWebCache.h"; sourceTree = "<group>"; };
		BA8AF5B61EFA6671007D3B33 /* UIImageView+HighlightedWebCache.m */ = {isa = PBXFileReference; fileEncoding = 4; lastKnownFileType = sourcecode.c.objc; path = "UIImageView+HighlightedWebCache.m"; sourceTree = "<group>"; };
		BA8C5F771EF2304E0015F23D /* WebImageManager.h */ = {isa = PBXFileReference; fileEncoding = 4; lastKnownFileType = sourcecode.c.h; path = WebImageManager.h; sourceTree = "<group>"; };
		BA8C5F781EF2304E0015F23D /* WebImageManager.m */ = {isa = PBXFileReference; fileEncoding = 4; lastKnownFileType = sourcecode.c.objc; path = WebImageManager.m; sourceTree = "<group>"; };
		BA97C2551ED3DB1A006DDB50 /* Download.app */ = {isa = PBXFileReference; explicitFileType = wrapper.application; includeInIndex = 0; path = Download.app; sourceTree = BUILT_PRODUCTS_DIR; };
		BA97C2591ED3DB1A006DDB50 /* main.m */ = {isa = PBXFileReference; lastKnownFileType = sourcecode.c.objc; path = main.m; sourceTree = "<group>"; };
		BA97C25B1ED3DB1A006DDB50 /* AppDelegate.h */ = {isa = PBXFileReference; lastKnownFileType = sourcecode.c.h; path = AppDelegate.h; sourceTree = "<group>"; };
		BA97C25C1ED3DB1A006DDB50 /* AppDelegate.m */ = {isa = PBXFileReference; lastKnownFileType = sourcecode.c.objc; path = AppDelegate.m; sourceTree = "<group>"; };
		BA97C25E1ED3DB1A006DDB50 /* ViewController.h */ = {isa = PBXFileReference; lastKnownFileType = sourcecode.c.h; path = ViewController.h; sourceTree = "<group>"; };
		BA97C25F1ED3DB1A006DDB50 /* ViewController.m */ = {isa = PBXFileReference; lastKnownFileType = sourcecode.c.objc; path = ViewController.m; sourceTree = "<group>"; };
		BA97C2621ED3DB1A006DDB50 /* Base */ = {isa = PBXFileReference; lastKnownFileType = file.storyboard; name = Base; path = Base.lproj/Main.storyboard; sourceTree = "<group>"; };
		BA97C2641ED3DB1A006DDB50 /* Assets.xcassets */ = {isa = PBXFileReference; lastKnownFileType = folder.assetcatalog; path = Assets.xcassets; sourceTree = "<group>"; };
		BA97C2671ED3DB1A006DDB50 /* Base */ = {isa = PBXFileReference; lastKnownFileType = file.storyboard; name = Base; path = Base.lproj/LaunchScreen.storyboard; sourceTree = "<group>"; };
		BA97C2691ED3DB1A006DDB50 /* Info.plist */ = {isa = PBXFileReference; lastKnownFileType = text.plist.xml; path = Info.plist; sourceTree = "<group>"; };
		BA97C26F1ED3DB8E006DDB50 /* DownloaderOperation.h */ = {isa = PBXFileReference; fileEncoding = 4; lastKnownFileType = sourcecode.c.h; path = DownloaderOperation.h; sourceTree = "<group>"; };
		BA97C2701ED3DB8E006DDB50 /* DownloaderOperation.m */ = {isa = PBXFileReference; fileEncoding = 4; lastKnownFileType = sourcecode.c.objc; path = DownloaderOperation.m; sourceTree = "<group>"; };
		BAD1DCDE1EEF9259000CE005 /* NSData+ImageContentType.h */ = {isa = PBXFileReference; fileEncoding = 4; lastKnownFileType = sourcecode.c.h; path = "NSData+ImageContentType.h"; sourceTree = "<group>"; };
		BAD1DCDF1EEF9259000CE005 /* NSData+ImageContentType.m */ = {isa = PBXFileReference; fileEncoding = 4; lastKnownFileType = sourcecode.c.objc; path = "NSData+ImageContentType.m"; sourceTree = "<group>"; };
		BAD1DCE11EEFADA9000CE005 /* UIImage+MultiFormat.h */ = {isa = PBXFileReference; fileEncoding = 4; lastKnownFileType = sourcecode.c.h; path = "UIImage+MultiFormat.h"; sourceTree = "<group>"; };
		BAD1DCE21EEFADA9000CE005 /* UIImage+MultiFormat.m */ = {isa = PBXFileReference; fileEncoding = 4; lastKnownFileType = sourcecode.c.objc; path = "UIImage+MultiFormat.m"; sourceTree = "<group>"; };
		BAD1DCE41EEFC8BE000CE005 /* UIImage+GIF.h */ = {isa = PBXFileReference; fileEncoding = 4; lastKnownFileType = sourcecode.c.h; path = "UIImage+GIF.h"; sourceTree = "<group>"; };
		BAD1DCE51EEFC8BE000CE005 /* UIImage+GIF.m */ = {isa = PBXFileReference; fileEncoding = 4; lastKnownFileType = sourcecode.c.objc; path = "UIImage+GIF.m"; sourceTree = "<group>"; };
/* End PBXFileReference section */

/* Begin PBXFrameworksBuildPhase section */
		BA97C2521ED3DB1A006DDB50 /* Frameworks */ = {
			isa = PBXFrameworksBuildPhase;
			buildActionMask = 2147483647;
			files = (
			);
			runOnlyForDeploymentPostprocessing = 0;
		};
/* End PBXFrameworksBuildPhase section */

/* Begin PBXGroup section */
		BA97C24C1ED3DB1A006DDB50 = {
			isa = PBXGroup;
			children = (
				BA97C2571ED3DB1A006DDB50 /* Download */,
				BA97C2561ED3DB1A006DDB50 /* Products */,
			);
			sourceTree = "<group>";
		};
		BA97C2561ED3DB1A006DDB50 /* Products */ = {
			isa = PBXGroup;
			children = (
				BA97C2551ED3DB1A006DDB50 /* Download.app */,
			);
			name = Products;
			sourceTree = "<group>";
		};
		BA97C2571ED3DB1A006DDB50 /* Download */ = {
			isa = PBXGroup;
			children = (
				BA97C25B1ED3DB1A006DDB50 /* AppDelegate.h */,
				BA97C25C1ED3DB1A006DDB50 /* AppDelegate.m */,
				BA97C25E1ED3DB1A006DDB50 /* ViewController.h */,
				BA97C25F1ED3DB1A006DDB50 /* ViewController.m */,
				BA97C2611ED3DB1A006DDB50 /* Main.storyboard */,
				BA97C2641ED3DB1A006DDB50 /* Assets.xcassets */,
				BA97C2661ED3DB1A006DDB50 /* LaunchScreen.storyboard */,
				BA97C2691ED3DB1A006DDB50 /* Info.plist */,
				BA97C2581ED3DB1A006DDB50 /* Supporting Files */,
				BA97C26F1ED3DB8E006DDB50 /* DownloaderOperation.h */,
				BA97C2701ED3DB8E006DDB50 /* DownloaderOperation.m */,
				33B7298B1F0112BD000191E5 /* WebImageDownload */,
				BA5079F71ED580B100D7D78B /* Decoder.h */,
				BA5079F81ED580B100D7D78B /* Decoder.m */,
				BA5F00FA1ED67F5600E5B2B7 /* Downloader.h */,
				BA5F00FB1ED67F5600E5B2B7 /* Downloader.m */,
				BA73C39C1EE8F0ED00942568 /* Operation.h */,
				BA73C39F1EE8F41B00942568 /* Compat.h */,
				BA73C3A01EE8F41B00942568 /* Compat.m */,
				BA65EFAB1EEA96C9001B5295 /* ImageCacheConfig.h */,
				BA65EFAC1EEA96C9001B5295 /* ImageCacheConfig.m */,
				BA65EFAE1EEACA41001B5295 /* ImageCache.h */,
				BA65EFAF1EEACA41001B5295 /* ImageCache.m */,
				BAD1DCDE1EEF9259000CE005 /* NSData+ImageContentType.h */,
				BAD1DCDF1EEF9259000CE005 /* NSData+ImageContentType.m */,
				BAD1DCE11EEFADA9000CE005 /* UIImage+MultiFormat.h */,
				BAD1DCE21EEFADA9000CE005 /* UIImage+MultiFormat.m */,
				BAD1DCE41EEFC8BE000CE005 /* UIImage+GIF.h */,
				BAD1DCE51EEFC8BE000CE005 /* UIImage+GIF.m */,
				BA8C5F771EF2304E0015F23D /* WebImageManager.h */,
				BA8C5F781EF2304E0015F23D /* WebImageManager.m */,
				BA03945C1EF779DC004869CB /* UIImageView+WebCache.h */,
				BA03945D1EF779DC004869CB /* UIImageView+WebCache.m */,
				BA3D7A851EF7AD520074F6FE /* UIView+WebCacheOperation.h */,
				BA3D7A861EF7AD520074F6FE /* UIView+WebCacheOperation.m */,
				BA3D7A881EF7C1230074F6FE /* UIView+WebCache.h */,
				BA3D7A891EF7C1230074F6FE /* UIView+WebCache.m */,
				BA8AF5B51EFA6671007D3B33 /* UIImageView+HighlightedWebCache.h */,
				BA8AF5B61EFA6671007D3B33 /* UIImageView+HighlightedWebCache.m */,
				BA352CFE1EFBBD1D004139A6 /* UIButton+WebCache.h */,
				BA352CFF1EFBBD1D004139A6 /* UIButton+WebCache.m */,
			);
			path = Download;
			sourceTree = "<group>";
		};
		BA97C2581ED3DB1A006DDB50 /* Supporting Files */ = {
			isa = PBXGroup;
			children = (
				BA97C2591ED3DB1A006DDB50 /* main.m */,
			);
			name = "Supporting Files";
			sourceTree = "<group>";
		};
/* End PBXGroup section */

/* Begin PBXNativeTarget section */
		BA97C2541ED3DB1A006DDB50 /* Download */ = {
			isa = PBXNativeTarget;
			buildConfigurationList = BA97C26C1ED3DB1A006DDB50 /* Build configuration list for PBXNativeTarget "Download" */;
			buildPhases = (
				BA97C2511ED3DB1A006DDB50 /* Sources */,
				BA97C2521ED3DB1A006DDB50 /* Frameworks */,
				BA97C2531ED3DB1A006DDB50 /* Resources */,
			);
			buildRules = (
			);
			dependencies = (
			);
			name = Download;
			productName = Download;
			productReference = BA97C2551ED3DB1A006DDB50 /* Download.app */;
			productType = "com.apple.product-type.application";
		};
/* End PBXNativeTarget section */

/* Begin PBXProject section */
		BA97C24D1ED3DB1A006DDB50 /* Project object */ = {
			isa = PBXProject;
			attributes = {
				LastUpgradeCheck = 0830;
				ORGANIZATIONNAME = DeKuTree;
				TargetAttributes = {
					BA97C2541ED3DB1A006DDB50 = {
						CreatedOnToolsVersion = 8.3.2;
						ProvisioningStyle = Automatic;
					};
				};
			};
			buildConfigurationList = BA97C2501ED3DB1A006DDB50 /* Build configuration list for PBXProject "Download" */;
			compatibilityVersion = "Xcode 3.2";
			developmentRegion = English;
			hasScannedForEncodings = 0;
			knownRegions = (
				en,
				Base,
			);
			mainGroup = BA97C24C1ED3DB1A006DDB50;
			productRefGroup = BA97C2561ED3DB1A006DDB50 /* Products */;
			projectDirPath = "";
			projectRoot = "";
			targets = (
				BA97C2541ED3DB1A006DDB50 /* Download */,
			);
		};
/* End PBXProject section */

/* Begin PBXResourcesBuildPhase section */
		BA97C2531ED3DB1A006DDB50 /* Resources */ = {
			isa = PBXResourcesBuildPhase;
			buildActionMask = 2147483647;
			files = (
				BA97C2681ED3DB1A006DDB50 /* LaunchScreen.storyboard in Resources */,
				33B7298C1F0112BD000191E5 /* WebImageDownload in Resources */,
				BA97C2651ED3DB1A006DDB50 /* Assets.xcassets in Resources */,
				BA97C2631ED3DB1A006DDB50 /* Main.storyboard in Resources */,
			);
			runOnlyForDeploymentPostprocessing = 0;
		};
/* End PBXResourcesBuildPhase section */

/* Begin PBXSourcesBuildPhase section */
		BA97C2511ED3DB1A006DDB50 /* Sources */ = {
			isa = PBXSourcesBuildPhase;
			buildActionMask = 2147483647;
			files = (
				BA8AF5B71EFA6671007D3B33 /* UIImageView+HighlightedWebCache.m in Sources */,
				BAD1DCE01EEF9259000CE005 /* NSData+ImageContentType.m in Sources */,
				BA97C2711ED3DB8E006DDB50 /* DownloaderOperation.m in Sources */,
				BA3D7A8A1EF7C1230074F6FE /* UIView+WebCache.m in Sources */,
				BA97C2601ED3DB1A006DDB50 /* ViewController.m in Sources */,
				BA65EFAD1EEA96C9001B5295 /* ImageCacheConfig.m in Sources */,
				BA03945E1EF779DC004869CB /* UIImageView+WebCache.m in Sources */,
				BA352D001EFBBD1D004139A6 /* UIButton+WebCache.m in Sources */,
				BA5F00FC1ED67F5600E5B2B7 /* Downloader.m in Sources */,
				BA5079F91ED580B100D7D78B /* Decoder.m in Sources */,
				BA3D7A871EF7AD520074F6FE /* UIView+WebCacheOperation.m in Sources */,
				BA8C5F791EF2304E0015F23D /* WebImageManager.m in Sources */,
				BAD1DCE61EEFC8BE000CE005 /* UIImage+GIF.m in Sources */,
				BA97C25D1ED3DB1A006DDB50 /* AppDelegate.m in Sources */,
				BA73C3A11EE8F41B00942568 /* Compat.m in Sources */,
				BA65EFB01EEACA41001B5295 /* ImageCache.m in Sources */,
				BA97C25A1ED3DB1A006DDB50 /* main.m in Sources */,
				BAD1DCE31EEFADA9000CE005 /* UIImage+MultiFormat.m in Sources */,
			);
			runOnlyForDeploymentPostprocessing = 0;
		};
/* End PBXSourcesBuildPhase section */

/* Begin PBXVariantGroup section */
		BA97C2611ED3DB1A006DDB50 /* Main.storyboard */ = {
			isa = PBXVariantGroup;
			children = (
				BA97C2621ED3DB1A006DDB50 /* Base */,
			);
			name = Main.storyboard;
			sourceTree = "<group>";
		};
		BA97C2661ED3DB1A006DDB50 /* LaunchScreen.storyboard */ = {
			isa = PBXVariantGroup;
			children = (
				BA97C2671ED3DB1A006DDB50 /* Base */,
			);
			name = LaunchScreen.storyboard;
			sourceTree = "<group>";
		};
/* End PBXVariantGroup section */

/* Begin XCBuildConfiguration section */
		BA97C26A1ED3DB1A006DDB50 /* Debug */ = {
			isa = XCBuildConfiguration;
			buildSettings = {
				ALWAYS_SEARCH_USER_PATHS = NO;
				CLANG_ANALYZER_NONNULL = YES;
				CLANG_ANALYZER_NUMBER_OBJECT_CONVERSION = YES_AGGRESSIVE;
				CLANG_CXX_LANGUAGE_STANDARD = "gnu++0x";
				CLANG_CXX_LIBRARY = "libc++";
				CLANG_ENABLE_MODULES = YES;
				CLANG_ENABLE_OBJC_ARC = YES;
				CLANG_WARN_BOOL_CONVERSION = YES;
				CLANG_WARN_CONSTANT_CONVERSION = YES;
				CLANG_WARN_DIRECT_OBJC_ISA_USAGE = YES_ERROR;
				CLANG_WARN_DOCUMENTATION_COMMENTS = YES;
				CLANG_WARN_EMPTY_BODY = YES;
				CLANG_WARN_ENUM_CONVERSION = YES;
				CLANG_WARN_INFINITE_RECURSION = YES;
				CLANG_WARN_INT_CONVERSION = YES;
				CLANG_WARN_OBJC_ROOT_CLASS = YES_ERROR;
				CLANG_WARN_SUSPICIOUS_MOVE = YES;
				CLANG_WARN_UNREACHABLE_CODE = YES;
				CLANG_WARN__DUPLICATE_METHOD_MATCH = YES;
				"CODE_SIGN_IDENTITY[sdk=iphoneos*]" = "iPhone Developer";
				COPY_PHASE_STRIP = NO;
				DEBUG_INFORMATION_FORMAT = dwarf;
				ENABLE_STRICT_OBJC_MSGSEND = YES;
				ENABLE_TESTABILITY = YES;
				GCC_C_LANGUAGE_STANDARD = gnu99;
				GCC_DYNAMIC_NO_PIC = NO;
				GCC_NO_COMMON_BLOCKS = YES;
				GCC_OPTIMIZATION_LEVEL = 0;
				GCC_PREPROCESSOR_DEFINITIONS = (
					"DEBUG=1",
					"$(inherited)",
				);
				GCC_WARN_64_TO_32_BIT_CONVERSION = YES;
				GCC_WARN_ABOUT_RETURN_TYPE = YES_ERROR;
				GCC_WARN_UNDECLARED_SELECTOR = YES;
				GCC_WARN_UNINITIALIZED_AUTOS = YES_AGGRESSIVE;
				GCC_WARN_UNUSED_FUNCTION = YES;
				GCC_WARN_UNUSED_VARIABLE = YES;
				IPHONEOS_DEPLOYMENT_TARGET = 10.3;
				MTL_ENABLE_DEBUG_INFO = YES;
				ONLY_ACTIVE_ARCH = YES;
				SDKROOT = iphoneos;
			};
			name = Debug;
		};
		BA97C26B1ED3DB1A006DDB50 /* Release */ = {
			isa = XCBuildConfiguration;
			buildSettings = {
				ALWAYS_SEARCH_USER_PATHS = NO;
				CLANG_ANALYZER_NONNULL = YES;
				CLANG_ANALYZER_NUMBER_OBJECT_CONVERSION = YES_AGGRESSIVE;
				CLANG_CXX_LANGUAGE_STANDARD = "gnu++0x";
				CLANG_CXX_LIBRARY = "libc++";
				CLANG_ENABLE_MODULES = YES;
				CLANG_ENABLE_OBJC_ARC = YES;
				CLANG_WARN_BOOL_CONVERSION = YES;
				CLANG_WARN_CONSTANT_CONVERSION = YES;
				CLANG_WARN_DIRECT_OBJC_ISA_USAGE = YES_ERROR;
				CLANG_WARN_DOCUMENTATION_COMMENTS = YES;
				CLANG_WARN_EMPTY_BODY = YES;
				CLANG_WARN_ENUM_CONVERSION = YES;
				CLANG_WARN_INFINITE_RECURSION = YES;
				CLANG_WARN_INT_CONVERSION = YES;
				CLANG_WARN_OBJC_ROOT_CLASS = YES_ERROR;
				CLANG_WARN_SUSPICIOUS_MOVE = YES;
				CLANG_WARN_UNREACHABLE_CODE = YES;
				CLANG_WARN__DUPLICATE_METHOD_MATCH = YES;
				"CODE_SIGN_IDENTITY[sdk=iphoneos*]" = "iPhone Developer";
				COPY_PHASE_STRIP = NO;
				DEBUG_INFORMATION_FORMAT = "dwarf-with-dsym";
				ENABLE_NS_ASSERTIONS = NO;
				ENABLE_STRICT_OBJC_MSGSEND = YES;
				GCC_C_LANGUAGE_STANDARD = gnu99;
				GCC_NO_COMMON_BLOCKS = YES;
				GCC_WARN_64_TO_32_BIT_CONVERSION = YES;
				GCC_WARN_ABOUT_RETURN_TYPE = YES_ERROR;
				GCC_WARN_UNDECLARED_SELECTOR = YES;
				GCC_WARN_UNINITIALIZED_AUTOS = YES_AGGRESSIVE;
				GCC_WARN_UNUSED_FUNCTION = YES;
				GCC_WARN_UNUSED_VARIABLE = YES;
				IPHONEOS_DEPLOYMENT_TARGET = 10.3;
				MTL_ENABLE_DEBUG_INFO = NO;
				SDKROOT = iphoneos;
				VALIDATE_PRODUCT = YES;
			};
			name = Release;
		};
		BA97C26D1ED3DB1A006DDB50 /* Debug */ = {
			isa = XCBuildConfiguration;
			buildSettings = {
				ASSETCATALOG_COMPILER_APPICON_NAME = AppIcon;
				INFOPLIST_FILE = Download/Info.plist;
				LD_RUNPATH_SEARCH_PATHS = "$(inherited) @executable_path/Frameworks";
				PRODUCT_BUNDLE_IDENTIFIER = com.DeKuTree.Download;
				PRODUCT_NAME = "$(TARGET_NAME)";
			};
			name = Debug;
		};
		BA97C26E1ED3DB1A006DDB50 /* Release */ = {
			isa = XCBuildConfiguration;
			buildSettings = {
				ASSETCATALOG_COMPILER_APPICON_NAME = AppIcon;
				INFOPLIST_FILE = Download/Info.plist;
				LD_RUNPATH_SEARCH_PATHS = "$(inherited) @executable_path/Frameworks";
				PRODUCT_BUNDLE_IDENTIFIER = com.DeKuTree.Download;
				PRODUCT_NAME = "$(TARGET_NAME)";
			};
			name = Release;
		};
/* End XCBuildConfiguration section */

/* Begin XCConfigurationList section */
		BA97C2501ED3DB1A006DDB50 /* Build configuration list for PBXProject "Download" */ = {
			isa = XCConfigurationList;
			buildConfigurations = (
				BA97C26A1ED3DB1A006DDB50 /* Debug */,
				BA97C26B1ED3DB1A006DDB50 /* Release */,
			);
			defaultConfigurationIsVisible = 0;
			defaultConfigurationName = Release;
		};
		BA97C26C1ED3DB1A006DDB50 /* Build configuration list for PBXNativeTarget "Download" */ = {
			isa = XCConfigurationList;
			buildConfigurations = (
				BA97C26D1ED3DB1A006DDB50 /* Debug */,
				BA97C26E1ED3DB1A006DDB50 /* Release */,
			);
			defaultConfigurationIsVisible = 0;
			defaultConfigurationName = Release;
		};
/* End XCConfigurationList section */
	};
	rootObject = BA97C24D1ED3DB1A006DDB50 /* Project object */;
}
